# THIS IS AN AUTOGENERATED FILE. DO NOT EDIT THIS FILE DIRECTLY.
# yarn lockfile v1


"@types/node@^18.11.18":
  version "18.16.8"
  resolved "https://registry.yarnpkg.com/@types/node/-/node-18.16.8.tgz#fcd9bd0a793aba2701caff4aeae7c988d4da6ce5"
  integrity sha512-p0iAXcfWCOTCBbsExHIDFCfwsqFwBTgETJveKMT+Ci3LY9YqQCI91F5S+TB20+aRCXpcWfvx5Qr5EccnwCm2NA==

"@types/ssh2@^1.11.9":
  version "1.11.11"
  resolved "https://registry.yarnpkg.com/@types/ssh2/-/ssh2-1.11.11.tgz#02fb707d821890a655fd27c2d842b0c7114078fb"
  integrity sha512-LdnE7UBpvHCgUznvn2fwLt2hkaENcKPFqOyXGkvyTLfxCXBN6roc1RmECNYuzzbHePzD3PaAov5rri9hehzx9Q==
  dependencies:
    "@types/node" "^18.11.18"

asn1@^0.2.4:
  version "0.2.6"
  resolved "https://registry.yarnpkg.com/asn1/-/asn1-0.2.6.tgz#0d3a7bb6e64e02a90c0303b31f292868ea09a08d"
  integrity sha512-ix/FxPn0MDjeyJ7i/yoHGFt/EX6LyNbxSEhPPXODPL+KB0VPk86UYfL0lMdy+KCnv+fmvIzySwaK5COwqVbWTQ==
  dependencies:
    safer-buffer "~2.1.0"

bcrypt-pbkdf@^1.0.2:
  version "1.0.2"
  resolved "https://registry.yarnpkg.com/bcrypt-pbkdf/-/bcrypt-pbkdf-1.0.2.tgz#a4301d389b6a43f9b67ff3ca11a3f6637e360e9e"
  integrity sha512-qeFIXtP4MSoi6NLqO12WfqARWWuCKi2Rn/9hJLEmtB5yTNr9DqFWkJRCf2qShWzPeAMRnOgCrq0sg/KLv5ES9w==
  dependencies:
    tweetnacl "^0.14.3"

buildcheck@~0.0.6:
  version "0.0.6"
  resolved "https://registry.yarnpkg.com/buildcheck/-/buildcheck-0.0.6.tgz#89aa6e417cfd1e2196e3f8fe915eb709d2fe4238"
  integrity sha512-8f9ZJCUXyT1M35Jx7MkBgmBMo3oHTTBIPLiY9xyL0pl3T5RwcPEY8cUHr5LBNfu/fk6c2T4DJZuVM/8ZZT2D2A==

child-process-promise@^2.2.1:
  version "2.2.1"
  resolved "https://registry.npm.taobao.org/child-process-promise/download/child-process-promise-2.2.1.tgz#4730a11ef610fad450b8f223c79d31d7bdad8074"
  integrity sha1-RzChHvYQ+tRQuPIjx50x172tgHQ=
  dependencies:
    cross-spawn "^4.0.2"
    node-version "^1.0.0"
    promise-polyfill "^6.0.1"

cpu-features@~0.0.6:
  version "0.0.7"
  resolved "https://registry.yarnpkg.com/cpu-features/-/cpu-features-0.0.7.tgz#81ba93e1d0a729fd25132a54c3ff689c37b542f7"
  integrity sha512-fjzFmsUKKCrC9GrM1eQTvQx18e+kjXFzjRLvJPNEDjk31+bJ6ZiV6uchv/hzbzXVIgbWdrEyyX1IFKwse65+8w==
  dependencies:
    buildcheck "~0.0.6"
    nan "^2.17.0"

cross-spawn@^4.0.2:
  version "4.0.2"
  resolved "https://registry.npm.taobao.org/cross-spawn/download/cross-spawn-4.0.2.tgz#7b9247621c23adfdd3856004a823cbe397424d41"
  integrity sha1-e5JHYhwjrf3ThWAEqCPL45dCTUE=
  dependencies:
    lru-cache "^4.0.1"
    which "^1.2.9"

is-stream@^2.0.0:
  version "2.0.1"
  resolved "https://registry.yarnpkg.com/is-stream/-/is-stream-2.0.1.tgz#fac1e3d53b97ad5a9d0ae9cef2389f5810a5c077"
  integrity sha512-hFoiJiTl63nn+kstHGBtewWSKnQLpyb155KHheA1l39uvtO9nWIop1p3udqPcUd/xbF1VLMO4n7OI6p7RbngDg==

isexe@^2.0.0:
  version "2.0.0"
  resolved "https://registry.npm.taobao.org/isexe/download/isexe-2.0.0.tgz#e8fbf374dc556ff8947a10dcb0572d633f2cfa10"
  integrity sha1-6PvzdNxVb/iUehDcsFctYz8s+hA=

lodash@^4.17.21:
  version "4.17.21"
  resolved "https://registry.yarnpkg.com/lodash/-/lodash-4.17.21.tgz#679591c564c3bffaae8454cf0b3df370c3d6911c"
  integrity sha512-v2kDEe57lecTulaDIuNTPy3Ry4gLGJ6Z1O3vE1krgXZNrsQ+LFTGHVxVjcXPs17LhbZVGedAJv8XZ1tvj5FvSg==

lru-cache@^4.0.1:
  version "4.1.5"
  resolved "https://registry.npm.taobao.org/lru-cache/download/lru-cache-4.1.5.tgz#8bbe50ea85bed59bc9e33dcab8235ee9bcf443cd"
  integrity sha1-i75Q6oW+1ZvJ4z3KuCNe6bz0Q80=
  dependencies:
    pseudomap "^1.0.2"
    yallist "^2.1.2"

make-dir@^3.1.0:
  version "3.1.0"
  resolved "https://registry.yarnpkg.com/make-dir/-/make-dir-3.1.0.tgz#415e967046b3a7f1d185277d84aa58203726a13f"
  integrity sha512-g3FeP20LNwhALb/6Cz6Dd4F2ngze0jz7tbzrD2wAV+o9FeNHe4rL+yK2md0J/fiSf1sa1ADhXqi5+oVwOM/eGw==
  dependencies:
    semver "^6.0.0"

nan@^2.17.0:
  version "2.17.0"
  resolved "https://registry.yarnpkg.com/nan/-/nan-2.17.0.tgz#c0150a2368a182f033e9aa5195ec76ea41a199cb"
  integrity sha512-2ZTgtl0nJsO0KQCjEpxcIr5D+Yv90plTitZt9JBfQvVJDS5seMl3FOvsh3+9CoYWXf/1l5OaZzzF6nDm4cagaQ==

node-ssh@^13.1.0:
  version "13.1.0"
  resolved "https://registry.yarnpkg.com/node-ssh/-/node-ssh-13.1.0.tgz#fca947200d61db9a5f9915e27c252e133b79e6bf"
  integrity sha512-GLcw49yFd9+rUpP+FgX6wrF/N90cmuDl2n0i8d3L828b6riRjkb9w3SS+XvviRWbrAhLxuMKywFqxvQDZQ1bug==
  dependencies:
    "@types/ssh2" "^1.11.9"
    is-stream "^2.0.0"
    make-dir "^3.1.0"
    sb-promise-queue "^2.1.0"
    sb-scandir "^3.1.0"
    shell-escape "^0.2.0"
    ssh2 "^1.11.0"

node-version@^1.0.0:
  version "1.2.0"
  resolved "https://registry.npm.taobao.org/node-version/download/node-version-1.2.0.tgz#34fde3ffa8e1149bd323983479dda620e1b5060d"
  integrity sha1-NP3j/6jhFJvTI5g0ed2mIOG1Bg0=

promise-polyfill@^6.0.1:
  version "6.1.0"
  resolved "https://registry.npm.taobao.org/promise-polyfill/download/promise-polyfill-6.1.0.tgz#dfa96943ea9c121fca4de9b5868cb39d3472e057"
  integrity sha1-36lpQ+qcEh/KTem1hoyznTRy4Fc=

pseudomap@^1.0.2:
  version "1.0.2"
  resolved "https://registry.npm.taobao.org/pseudomap/download/pseudomap-1.0.2.tgz#f052a28da70e618917ef0a8ac34c1ae5a68286b3"
  integrity sha1-8FKijacOYYkX7wqKw0wa5aaChrM=

safer-buffer@~2.1.0:
  version "2.1.2"
  resolved "https://registry.yarnpkg.com/safer-buffer/-/safer-buffer-2.1.2.tgz#44fa161b0187b9549dd84bb91802f9bd8385cd6a"
  integrity sha512-YZo3K82SD7Riyi0E1EQPojLz7kpepnSQI9IyPbHHg1XXXevb5dJI7tpyN2ADxGcQbHG7vcyRHk0cbwqcQriUtg==

sb-promise-queue@^2.1.0:
  version "2.1.0"
  resolved "https://registry.yarnpkg.com/sb-promise-queue/-/sb-promise-queue-2.1.0.tgz#7e44bebef643f75d809a3db7f605b815d877a04d"
  integrity sha512-zwq4YuP1FQFkGx2Q7GIkZYZ6PqWpV+bg0nIO1sJhWOyGyhqbj0MsTvK6lCFo5TQwX5pZr6SCQ75e8PCDCuNvkg==

sb-scandir@^3.1.0:
  version "3.1.0"
  resolved "https://registry.yarnpkg.com/sb-scandir/-/sb-scandir-3.1.0.tgz#31c346abb5184b73c5a25b286858f4299aa8756c"
  integrity sha512-70BVm2xz9jn94zSQdpvYrEG101/UV9TVGcfWr9T5iob3QhCK4lYXeculfBqPGFv3XTeKgx4dpWyYIDeZUqo4kg==
  dependencies:
    sb-promise-queue "^2.1.0"

semver@^6.0.0:
  version "6.3.1"
  resolved "https://registry.yarnpkg.com/semver/-/semver-6.3.1.tgz#556d2ef8689146e46dcea4bfdd095f3434dffcb4"
  integrity sha512-BR7VvDCVHO+q2xBEWskxS6DJE1qRnb7DxzUrogb71CWoSficBxYsiAGd+Kl0mmq/MprG9yArRkyrQxTO6XjMzA==

shell-escape@^0.2.0:
  version "0.2.0"
  resolved "https://registry.yarnpkg.com/shell-escape/-/shell-escape-0.2.0.tgz#68fd025eb0490b4f567a027f0bf22480b5f84133"
  integrity sha512-uRRBT2MfEOyxuECseCZd28jC1AJ8hmqqneWQ4VWUTgCAFvb3wKU1jLqj6egC4Exrr88ogg3dp+zroH4wJuaXzw==

ssh2@^1.11.0:
  version "1.12.0"
  resolved "https://registry.yarnpkg.com/ssh2/-/ssh2-1.12.0.tgz#a1ed758f69fbc816f31d04b443f4eb21ef487dc2"
  integrity sha512-7mcLu8biO6/BjQQ1iCjCmuBiF0hXxo+JlHpJBPDTVsxU7evscWWiRUgYF5XIs4gLKmiPRHA0maund11QLWyDJg==
  dependencies:
    asn1 "^0.2.4"
    bcrypt-pbkdf "^1.0.2"
  optionalDependencies:
    cpu-features "~0.0.6"
    nan "^2.17.0"

tweetnacl@^0.14.3:
  version "0.14.5"
  resolved "https://registry.yarnpkg.com/tweetnacl/-/tweetnacl-0.14.5.tgz#5ae68177f192d4456269d108afa93ff8743f4f64"
  integrity sha512-KXXFFdAbFXY4geFIwoyNK+f5Z1b7swfXABfL7HXCmoIWMKU3dmS26672A4EeQtDzLKy7SXmfBu51JolvEKwtGA==

which@^1.2.9:
  version "1.3.1"
  resolved "https://registry.npm.taobao.org/which/download/which-1.3.1.tgz?cache=0&sync_timestamp=1574116720213&other_urls=https%3A%2F%2Fregistry.npm.taobao.org%2Fwhich%2Fdownload%2Fwhich-1.3.1.tgz#a45043d54f5805316da8d62f9f50918d3da70b0a"
  integrity sha1-pFBD1U9YBTFtqNYvn1CRjT2nCwo=
  dependencies:
    isexe "^2.0.0"

yallist@^2.1.2:
  version "2.1.2"
  resolved "https://registry.npm.taobao.org/yallist/download/yallist-2.1.2.tgz#1c11f9218f076089a47dd512f93c6699a6a81d52"
  integrity sha1-HBH5IY8HYImkfdUS+TxmmaaoHVI=
