# THIS IS AN AUTOGENERATED FILE. DO NOT EDIT THIS FILE DIRECTLY.
# yarn lockfile v1


asn1@~0.2.0:
  version "0.2.4"
  resolved "https://registry.npm.taobao.org/asn1/download/asn1-0.2.4.tgz#8d2475dfab553bb33e77b54e59e880bb8ce23136"
  integrity sha1-jSR136tVO7M+d7VOWeiAu4ziMTY=
  dependencies:
    safer-buffer "~2.1.0"

bcrypt-pbkdf@^1.0.2:
  version "1.0.2"
  resolved "https://registry.npm.taobao.org/bcrypt-pbkdf/download/bcrypt-pbkdf-1.0.2.tgz#a4301d389b6a43f9b67ff3ca11a3f6637e360e9e"
  integrity sha1-pDAdOJtqQ/m2f/PKEaP2Y342Dp4=
  dependencies:
    tweetnacl "^0.14.3"

node-ssh@^6.0.0:
  version "6.0.0"
  resolved "https://registry.npm.taobao.org/node-ssh/download/node-ssh-6.0.0.tgz#3287bdb3fad4a898064ea1df2d601a65a1c5d724"
  integrity sha1-Moe9s/rUqJgGTqHfLWAaZaHF1yQ=
  dependencies:
    p-map "^2.1.0"
    sb-promisify "^2.0.1"
    sb-scandir "^2.0.0"
    shell-escape "^0.2.0"
    ssh2 "^0.8.2"

p-map@^1.2.0:
  version "1.2.0"
  resolved "https://registry.npm.taobao.org/p-map/download/p-map-1.2.0.tgz?cache=0&sync_timestamp=1563032875018&other_urls=https%3A%2F%2Fregistry.npm.taobao.org%2Fp-map%2Fdownload%2Fp-map-1.2.0.tgz#e4e94f311eabbc8633a1e79908165fca26241b6b"
  integrity sha1-5OlPMR6rvIYzoeeZCBZfyiYkG2s=

p-map@^2.1.0:
  version "2.1.0"
  resolved "https://registry.npm.taobao.org/p-map/download/p-map-2.1.0.tgz?cache=0&sync_timestamp=1563032875018&other_urls=https%3A%2F%2Fregistry.npm.taobao.org%2Fp-map%2Fdownload%2Fp-map-2.1.0.tgz#310928feef9c9ecc65b68b17693018a665cea175"
  integrity sha1-MQko/u+cnsxltosXaTAYpmXOoXU=

safer-buffer@~2.1.0:
  version "2.1.2"
  resolved "https://registry.npm.taobao.org/safer-buffer/download/safer-buffer-2.1.2.tgz#44fa161b0187b9549dd84bb91802f9bd8385cd6a"
  integrity sha1-RPoWGwGHuVSd2Eu5GAL5vYOFzWo=

sb-promisify@^2.0.1:
  version "2.0.2"
  resolved "https://registry.npm.taobao.org/sb-promisify/download/sb-promisify-2.0.2.tgz#4277a54754488aa9675d886e354db894c9bdc981"
  integrity sha1-QnelR1RIiqlnXYhuNU24lMm9yYE=

sb-scandir@^2.0.0:
  version "2.0.0"
  resolved "https://registry.npm.taobao.org/sb-scandir/download/sb-scandir-2.0.0.tgz#a02ad1fa44a8bd2bfaf30193d14d23c2f35ab6b2"
  integrity sha1-oCrR+kSovSv68wGT0U0jwvNatrI=
  dependencies:
    p-map "^1.2.0"
    sb-promisify "^2.0.1"

shell-escape@^0.2.0:
  version "0.2.0"
  resolved "https://registry.npm.taobao.org/shell-escape/download/shell-escape-0.2.0.tgz#68fd025eb0490b4f567a027f0bf22480b5f84133"
  integrity sha1-aP0CXrBJC09WegJ/C/IkgLX4QTM=

ssh2-streams@~0.4.8:
  version "0.4.8"
  resolved "https://registry.npm.taobao.org/ssh2-streams/download/ssh2-streams-0.4.8.tgz#2ff92df2e0063fef86cf934eaea197967deda715"
  integrity sha1-L/kt8uAGP++Gz5NOrqGXln3tpxU=
  dependencies:
    asn1 "~0.2.0"
    bcrypt-pbkdf "^1.0.2"
    streamsearch "~0.1.2"

ssh2@^0.8.2:
  version "0.8.7"
  resolved "https://registry.npm.taobao.org/ssh2/download/ssh2-0.8.7.tgz#2dc15206f493010b98027201cf399b90bab79c89"
  integrity sha1-LcFSBvSTAQuYAnIBzzmbkLq3nIk=
  dependencies:
    ssh2-streams "~0.4.8"

streamsearch@~0.1.2:
  version "0.1.2"
  resolved "https://registry.npm.taobao.org/streamsearch/download/streamsearch-0.1.2.tgz#808b9d0e56fc273d809ba57338e929919a1a9f1a"
  integrity sha1-gIudDlb8Jz2Am6VzOOkpkZoanxo=

tweetnacl@^0.14.3:
  version "0.14.5"
  resolved "https://registry.npm.taobao.org/tweetnacl/download/tweetnacl-0.14.5.tgz#5ae68177f192d4456269d108afa93ff8743f4f64"
  integrity sha1-WuaBd/GS1EViadEIr6k/+HQ/T2Q=
